
Microsoft Visual Studio Solution File, Format Version 12.00
# Visual Studio Version 17
VisualStudioVersion = 17.6.33829.357
MinimumVisualStudioVersion = 10.0.40219.1
Project("{FAE04EC0-301F-11D3-BF4B-00C04F79EFBC}") = "SnakeGameFrontend", "SnakeGameFrontend.csproj", "{74F31D42-EE6A-4FC7-BC99-5509C97A0A3A}"
EndProject
Project("{FAE04EC0-301F-11D3-BF4B-00C04F79EFBC}") = "SnakeGameBackend", "..\SnakeGameBackend\SnakeGameBackend.csproj", "{C88DBC88-1D86-496E-9D1E-92273B2364D0}"
EndProject
Global
	GlobalSection(SolutionConfigurationPlatforms) = preSolution
		Debug|Any CPU = Debug|Any CPU
		Release|Any CPU = Release|Any CPU
	EndGlobalSection
	GlobalSection(ProjectConfigurationPlatforms) = postSolution
		{74F31D42-EE6A-4FC7-BC99-5509C97A0A3A}.Debug|Any CPU.ActiveCfg = Debug|Any CPU
		{74F31D42-EE6A-4FC7-BC99-5509C97A0A3A}.Debug|Any CPU.Build.0 = Debug|Any CPU
		{74F31D42-EE6A-4FC7-BC99-5509C97A0A3A}.Release|Any CPU.ActiveCfg = Release|Any CPU
		{74F31D42-EE6A-4FC7-BC99-5509C97A0A3A}.Release|Any CPU.Build.0 = Release|Any CPU
		{C88DBC88-1D86-496E-9D1E-92273B2364D0}.Debug|Any CPU.ActiveCfg = Debug|Any CPU
		{C88DBC88-1D86-496E-9D1E-92273B2364D0}.Debug|Any CPU.Build.0 = Debug|Any CPU
		{C88DBC88-1D86-496E-9D1E-92273B2364D0}.Release|Any CPU.ActiveCfg = Release|Any CPU
		{C88DBC88-1D86-496E-9D1E-92273B2364D0}.Release|Any CPU.Build.0 = Release|Any CPU
	EndGlobalSection
	GlobalSection(SolutionProperties) = preSolution
		HideSolutionNode = FALSE
	EndGlobalSection
	GlobalSection(ExtensibilityGlobals) = postSolution
		SolutionGuid = {160811B5-B08C-409A-A802-28D67C34F762}
	EndGlobalSection
EndGlobal
